
Microsoft Visual Studio Solution File, Format Version 12.00
# Visual Studio 2013
VisualStudioVersion = 12.0.21005.1
MinimumVisualStudioVersion = 10.0.40219.1
Project("{FAE04EC0-301F-11D3-BF4B-00C04F79EFBC}") = "DataAccessLayer", "DataAccessLayer\DataAccessLayer.csproj", "{B29E9D48-EABB-414C-AB08-1ACDD00CA1E8}"
EndProject
Project("{FAE04EC0-301F-11D3-BF4B-00C04F79EFBC}") = "BusicLogicLayer", "BusicLogicLayer\BusicLogicLayer.csproj", "{53561425-7007-4887-94A5-66C21A73B779}"
EndProject
Project("{FAE04EC0-301F-11D3-BF4B-00C04F79EFBC}") = "PersonalInfoDemoNTire", "PresentatoinLayer\PersonalInfoDemoNTire.csproj", "{9457F965-1CDB-4B44-969C-10A265D5D7B1}"
EndProject
Global
	GlobalSection(SolutionConfigurationPlatforms) = preSolution
		Debug|Any CPU = Debug|Any CPU
		Release|Any CPU = Release|Any CPU
	EndGlobalSection
	GlobalSection(ProjectConfigurationPlatforms) = postSolution
		{B29E9D48-EABB-414C-AB08-1ACDD00CA1E8}.Debug|Any CPU.ActiveCfg = Debug|Any CPU
		{B29E9D48-EABB-414C-AB08-1ACDD00CA1E8}.Debug|Any CPU.Build.0 = Debug|Any CPU
		{B29E9D48-EABB-414C-AB08-1ACDD00CA1E8}.Release|Any CPU.ActiveCfg = Release|Any CPU
		{B29E9D48-EABB-414C-AB08-1ACDD00CA1E8}.Release|Any CPU.Build.0 = Release|Any CPU
		{53561425-7007-4887-94A5-66C21A73B779}.Debug|Any CPU.ActiveCfg = Debug|Any CPU
		{53561425-7007-4887-94A5-66C21A73B779}.Debug|Any CPU.Build.0 = Debug|Any CPU
		{53561425-7007-4887-94A5-66C21A73B779}.Release|Any CPU.ActiveCfg = Release|Any CPU
		{53561425-7007-4887-94A5-66C21A73B779}.Release|Any CPU.Build.0 = Release|Any CPU
		{9457F965-1CDB-4B44-969C-10A265D5D7B1}.Debug|Any CPU.ActiveCfg = Debug|Any CPU
		{9457F965-1CDB-4B44-969C-10A265D5D7B1}.Debug|Any CPU.Build.0 = Debug|Any CPU
		{9457F965-1CDB-4B44-969C-10A265D5D7B1}.Release|Any CPU.ActiveCfg = Release|Any CPU
		{9457F965-1CDB-4B44-969C-10A265D5D7B1}.Release|Any CPU.Build.0 = Release|Any CPU
	EndGlobalSection
	GlobalSection(SolutionProperties) = preSolution
		HideSolutionNode = FALSE
	EndGlobalSection
EndGlobal
